// !$*UTF8*$!
{
	archiveVersion = 1;
	classes = {
	};
	objectVersion = 56;
	objects = {

/* Begin PBXBuildFile section */
		84D254BF2C51489E00B9117B /* Tourism_AppApp.swift in Sources */ = {isa = PBXBuildFile; fileRef = 84D254BE2C51489E00B9117B /* Tourism_AppApp.swift */; };
		84D254C12C51489E00B9117B /* ContentView.swift in Sources */ = {isa = PBXBuildFile; fileRef = 84D254C02C51489E00B9117B /* ContentView.swift */; };
		84D254C32C5148A000B9117B /* Assets.xcassets in Resources */ = {isa = PBXBuildFile; fileRef = 84D254C22C5148A000B9117B /* Assets.xcassets */; };
		84D254C62C5148A000B9117B /* Preview Assets.xcassets in Resources */ = {isa = PBXBuildFile; fileRef = 84D254C52C5148A000B9117B /* Preview Assets.xcassets */; };
		84D254D02C5148A000B9117B /* Tourism_AppTests.swift in Sources */ = {isa = PBXBuildFile; fileRef = 84D254CF2C5148A000B9117B /* Tourism_AppTests.swift */; };
		84D254DA2C5148A000B9117B /* Tourism_AppUITests.swift in Sources */ = {isa = PBXBuildFile; fileRef = 84D254D92C5148A000B9117B /* Tourism_AppUITests.swift */; };
		84D254DC2C5148A000B9117B /* Tourism_AppUITestsLaunchTests.swift in Sources */ = {isa = PBXBuildFile; fileRef = 84D254DB2C5148A000B9117B /* Tourism_AppUITestsLaunchTests.swift */; };
		84D254EA2C5177BE00B9117B /* Tourisms.swift in Sources */ = {isa = PBXBuildFile; fileRef = 84D254E92C5177BE00B9117B /* Tourisms.swift */; };
/* End PBXBuildFile section */

/* Begin PBXContainerItemProxy section */
		84D254CC2C5148A000B9117B /* PBXContainerItemProxy */ = {
			isa = PBXContainerItemProxy;
			containerPortal = 84D254B32C51489D00B9117B /* Project object */;
			proxyType = 1;
			remoteGlobalIDString = 84D254BA2C51489D00B9117B;
			remoteInfo = "Tourism App";
		};
		84D254D62C5148A000B9117B /* PBXContainerItemProxy */ = {
			isa = PBXContainerItemProxy;
			containerPortal = 84D254B32C51489D00B9117B /* Project object */;
			proxyType = 1;
			remoteGlobalIDString = 84D254BA2C51489D00B9117B;
			remoteInfo = "Tourism App";
		};
/* End PBXContainerItemProxy section */

/* Begin PBXFileReference section */
		84D254BB2C51489E00B9117B /* Tourism App.app */ = {isa = PBXFileReference; explicitFileType = wrapper.application; includeInIndex = 0; path = "Tourism App.app"; sourceTree = BUILT_PRODUCTS_DIR; };
		84D254BE2C51489E00B9117B /* Tourism_AppApp.swift */ = {isa = PBXFileReference; lastKnownFileType = sourcecode.swift; path = Tourism_AppApp.swift; sourceTree = "<group>"; };
		84D254C02C51489E00B9117B /* ContentView.swift */ = {isa = PBXFileReference; lastKnownFileType = sourcecode.swift; path = ContentView.swift; sourceTree = "<group>"; };
		84D254C22C5148A000B9117B /* Assets.xcassets */ = {isa = PBXFileReference; lastKnownFileType = folder.assetcatalog; path = Assets.xcassets; sourceTree = "<group>"; };
		84D254C52C5148A000B9117B /* Preview Assets.xcassets */ = {isa = PBXFileReference; lastKnownFileType = folder.assetcatalog; path = "Preview Assets.xcassets"; sourceTree = "<group>"; };
		84D254CB2C5148A000B9117B /* Tourism AppTests.xctest */ = {isa = PBXFileReference; explicitFileType = wrapper.cfbundle; includeInIndex = 0; path = "Tourism AppTests.xctest"; sourceTree = BUILT_PRODUCTS_DIR; };
		84D254CF2C5148A000B9117B /* Tourism_AppTests.swift */ = {isa = PBXFileReference; lastKnownFileType = sourcecode.swift; path = Tourism_AppTests.swift; sourceTree = "<group>"; };
		84D254D52C5148A000B9117B /* Tourism AppUITests.xctest */ = {isa = PBXFileReference; explicitFileType = wrapper.cfbundle; includeInIndex = 0; path = "Tourism AppUITests.xctest"; sourceTree = BUILT_PRODUCTS_DIR; };
		84D254D92C5148A000B9117B /* Tourism_AppUITests.swift */ = {isa = PBXFileReference; lastKnownFileType = sourcecode.swift; path = Tourism_AppUITests.swift; sourceTree = "<group>"; };
		84D254DB2C5148A000B9117B /* Tourism_AppUITestsLaunchTests.swift */ = {isa = PBXFileReference; lastKnownFileType = sourcecode.swift; path = Tourism_AppUITestsLaunchTests.swift; sourceTree = "<group>"; };
		84D254E92C5177BE00B9117B /* Tourisms.swift */ = {isa = PBXFileReference; lastKnownFileType = sourcecode.swift; path = Tourisms.swift; sourceTree = "<group>"; };
/* End PBXFileReference section */

/* Begin PBXFrameworksBuildPhase section */
		84D254B82C51489D00B9117B /* Frameworks */ = {
			isa = PBXFrameworksBuildPhase;
			buildActionMask = 2147483647;
			files = (
			);
			runOnlyForDeploymentPostprocessing = 0;
		};
		84D254C82C5148A000B9117B /* Frameworks */ = {
			isa = PBXFrameworksBuildPhase;
			buildActionMask = 2147483647;
			files = (
			);
			runOnlyForDeploymentPostprocessing = 0;
		};
		84D254D22C5148A000B9117B /* Frameworks */ = {
			isa = PBXFrameworksBuildPhase;
			buildActionMask = 2147483647;
			files = (
			);
			runOnlyForDeploymentPostprocessing = 0;
		};
/* End PBXFrameworksBuildPhase section */

/* Begin PBXGroup section */
		84D254B22C51489D00B9117B = {
			isa = PBXGroup;
			children = (
				84D254BD2C51489E00B9117B /* Tourism App */,
				84D254CE2C5148A000B9117B /* Tourism AppTests */,
				84D254D82C5148A000B9117B /* Tourism AppUITests */,
				84D254BC2C51489E00B9117B /* Products */,
			);
			sourceTree = "<group>";
		};
		84D254BC2C51489E00B9117B /* Products */ = {
			isa = PBXGroup;
			children = (
				84D254BB2C51489E00B9117B /* Tourism App.app */,
				84D254CB2C5148A000B9117B /* Tourism AppTests.xctest */,
				84D254D52C5148A000B9117B /* Tourism AppUITests.xctest */,
			);
			name = Products;
			sourceTree = "<group>";
		};
		84D254BD2C51489E00B9117B /* Tourism App */ = {
			isa = PBXGroup;
			children = (
				84D254BE2C51489E00B9117B /* Tourism_AppApp.swift */,
				84D254C02C51489E00B9117B /* ContentView.swift */,
				84D254C22C5148A000B9117B /* Assets.xcassets */,
				84D254C42C5148A000B9117B /* Preview Content */,
				84D254E92C5177BE00B9117B /* Tourisms.swift */,
			);
			path = "Tourism App";
			sourceTree = "<group>";
		};
		84D254C42C5148A000B9117B /* Preview Content */ = {
			isa = PBXGroup;
			children = (
				84D254C52C5148A000B9117B /* Preview Assets.xcassets */,
			);
			path = "Preview Content";
			sourceTree = "<group>";
		};
		84D254CE2C5148A000B9117B /* Tourism AppTests */ = {
			isa = PBXGroup;
			children = (
				84D254CF2C5148A000B9117B /* Tourism_AppTests.swift */,
			);
			path = "Tourism AppTests";
			sourceTree = "<group>";
		};
		84D254D82C5148A000B9117B /* Tourism AppUITests */ = {
			isa = PBXGroup;
			children = (
				84D254D92C5148A000B9117B /* Tourism_AppUITests.swift */,
				84D254DB2C5148A000B9117B /* Tourism_AppUITestsLaunchTests.swift */,
			);
			path = "Tourism AppUITests";
			sourceTree = "<group>";
		};
/* End PBXGroup section */

/* Begin PBXNativeTarget section */
		84D254BA2C51489D00B9117B /* Tourism App */ = {
			isa = PBXNativeTarget;
			buildConfigurationList = 84D254DF2C5148A000B9117B /* Build configuration list for PBXNativeTarget "Tourism App" */;
			buildPhases = (
				84D254B72C51489D00B9117B /* Sources */,
				84D254B82C51489D00B9117B /* Frameworks */,
				84D254B92C51489D00B9117B /* Resources */,
			);
			buildRules = (
			);
			dependencies = (
			);
			name = "Tourism App";
			productName = "Tourism App";
			productReference = 84D254BB2C51489E00B9117B /* Tourism App.app */;
			productType = "com.apple.product-type.application";
		};
		84D254CA2C5148A000B9117B /* Tourism AppTests */ = {
			isa = PBXNativeTarget;
			buildConfigurationList = 84D254E22C5148A000B9117B /* Build configuration list for PBXNativeTarget "Tourism AppTests" */;
			buildPhases = (
				84D254C72C5148A000B9117B /* Sources */,
				84D254C82C5148A000B9117B /* Frameworks */,
				84D254C92C5148A000B9117B /* Resources */,
			);
			buildRules = (
			);
			dependencies = (
				84D254CD2C5148A000B9117B /* PBXTargetDependency */,
			);
			name = "Tourism AppTests";
			productName = "Tourism AppTests";
			productReference = 84D254CB2C5148A000B9117B /* Tourism AppTests.xctest */;
			productType = "com.apple.product-type.bundle.unit-test";
		};
		84D254D42C5148A000B9117B /* Tourism AppUITests */ = {
			isa = PBXNativeTarget;
			buildConfigurationList = 84D254E52C5148A000B9117B /* Build configuration list for PBXNativeTarget "Tourism AppUITests" */;
			buildPhases = (
				84D254D12C5148A000B9117B /* Sources */,
				84D254D22C5148A000B9117B /* Frameworks */,
				84D254D32C5148A000B9117B /* Resources */,
			);
			buildRules = (
			);
			dependencies = (
				84D254D72C5148A000B9117B /* PBXTargetDependency */,
			);
			name = "Tourism AppUITests";
			productName = "Tourism AppUITests";
			productReference = 84D254D52C5148A000B9117B /* Tourism AppUITests.xctest */;
			productType = "com.apple.product-type.bundle.ui-testing";
		};
/* End PBXNativeTarget section */

/* Begin PBXProject section */
		84D254B32C51489D00B9117B /* Project object */ = {
			isa = PBXProject;
			attributes = {
				BuildIndependentTargetsInParallel = 1;
				LastSwiftUpdateCheck = 1540;
				LastUpgradeCheck = 1540;
				TargetAttributes = {
					84D254BA2C51489D00B9117B = {
						CreatedOnToolsVersion = 15.4;
					};
					84D254CA2C5148A000B9117B = {
						CreatedOnToolsVersion = 15.4;
						TestTargetID = 84D254BA2C51489D00B9117B;
					};
					84D254D42C5148A000B9117B = {
						CreatedOnToolsVersion = 15.4;
						TestTargetID = 84D254BA2C51489D00B9117B;
					};
				};
			};
			buildConfigurationList = 84D254B62C51489D00B9117B /* Build configuration list for PBXProject "Tourism App" */;
			compatibilityVersion = "Xcode 14.0";
			developmentRegion = en;
			hasScannedForEncodings = 0;
			knownRegions = (
				en,
				Base,
			);
			mainGroup = 84D254B22C51489D00B9117B;
			productRefGroup = 84D254BC2C51489E00B9117B /* Products */;
			projectDirPath = "";
			projectRoot = "";
			targets = (
				84D254BA2C51489D00B9117B /* Tourism App */,
				84D254CA2C5148A000B9117B /* Tourism AppTests */,
				84D254D42C5148A000B9117B /* Tourism AppUITests */,
			);
		};
/* End PBXProject section */

/* Begin PBXResourcesBuildPhase section */
		84D254B92C51489D00B9117B /* Resources */ = {
			isa = PBXResourcesBuildPhase;
			buildActionMask = 2147483647;
			files = (
				84D254C62C5148A000B9117B /* Preview Assets.xcassets in Resources */,
				84D254C32C5148A000B9117B /* Assets.xcassets in Resources */,
			);
			runOnlyForDeploymentPostprocessing = 0;
		};
		84D254C92C5148A000B9117B /* Resources */ = {
			isa = PBXResourcesBuildPhase;
			buildActionMask = 2147483647;
			files = (
			);
			runOnlyForDeploymentPostprocessing = 0;
		};
		84D254D32C5148A000B9117B /* Resources */ = {
			isa = PBXResourcesBuildPhase;
			buildActionMask = 2147483647;
			files = (
			);
			runOnlyForDeploymentPostprocessing = 0;
		};
/* End PBXResourcesBuildPhase section */

/* Begin PBXSourcesBuildPhase section */
		84D254B72C51489D00B9117B /* Sources */ = {
			isa = PBXSourcesBuildPhase;
			buildActionMask = 2147483647;
			files = (
				84D254EA2C5177BE00B9117B /* Tourisms.swift in Sources */,
				84D254C12C51489E00B9117B /* ContentView.swift in Sources */,
				84D254BF2C51489E00B9117B /* Tourism_AppApp.swift in Sources */,
			);
			runOnlyForDeploymentPostprocessing = 0;
		};
		84D254C72C5148A000B9117B /* Sources */ = {
			isa = PBXSourcesBuildPhase;
			buildActionMask = 2147483647;
			files = (
				84D254D02C5148A000B9117B /* Tourism_AppTests.swift in Sources */,
			);
			runOnlyForDeploymentPostprocessing = 0;
		};
		84D254D12C5148A000B9117B /* Sources */ = {
			isa = PBXSourcesBuildPhase;
			buildActionMask = 2147483647;
			files = (
				84D254DC2C5148A000B9117B /* Tourism_AppUITestsLaunchTests.swift in Sources */,
				84D254DA2C5148A000B9117B /* Tourism_AppUITests.swift in Sources */,
			);
			runOnlyForDeploymentPostprocessing = 0;
		};
/* End PBXSourcesBuildPhase section */

/* Begin PBXTargetDependency section */
		84D254CD2C5148A000B9117B /* PBXTargetDependency */ = {
			isa = PBXTargetDependency;
			target = 84D254BA2C51489D00B9117B /* Tourism App */;
			targetProxy = 84D254CC2C5148A000B9117B /* PBXContainerItemProxy */;
		};
		84D254D72C5148A000B9117B /* PBXTargetDependency */ = {
			isa = PBXTargetDependency;
			target = 84D254BA2C51489D00B9117B /* Tourism App */;
			targetProxy = 84D254D62C5148A000B9117B /* PBXContainerItemProxy */;
		};
/* End PBXTargetDependency section */

/* Begin XCBuildConfiguration section */
		84D254DD2C5148A000B9117B /* Debug */ = {
			isa = XCBuildConfiguration;
			buildSettings = {
				ALWAYS_SEARCH_USER_PATHS = NO;
				ASSETCATALOG_COMPILER_GENERATE_SWIFT_ASSET_SYMBOL_EXTENSIONS = YES;
				CLANG_ANALYZER_NONNULL = YES;
				CLANG_ANALYZER_NUMBER_OBJECT_CONVERSION = YES_AGGRESSIVE;
				CLANG_CXX_LANGUAGE_STANDARD = "gnu++20";
				CLANG_ENABLE_MODULES = YES;
				CLANG_ENABLE_OBJC_ARC = YES;
				CLANG_ENABLE_OBJC_WEAK = YES;
				CLANG_WARN_BLOCK_CAPTURE_AUTORELEASING = YES;
				CLANG_WARN_BOOL_CONVERSION = YES;
				CLANG_WARN_COMMA = YES;
				CLANG_WARN_CONSTANT_CONVERSION = YES;
				CLANG_WARN_DEPRECATED_OBJC_IMPLEMENTATIONS = YES;
				CLANG_WARN_DIRECT_OBJC_ISA_USAGE = YES_ERROR;
				CLANG_WARN_DOCUMENTATION_COMMENTS = YES;
				CLANG_WARN_EMPTY_BODY = YES;
				CLANG_WARN_ENUM_CONVERSION = YES;
				CLANG_WARN_INFINITE_RECURSION = YES;
				CLANG_WARN_INT_CONVERSION = YES;
				CLANG_WARN_NON_LITERAL_NULL_CONVERSION = YES;
				CLANG_WARN_OBJC_IMPLICIT_RETAIN_SELF = YES;
				CLANG_WARN_OBJC_LITERAL_CONVERSION = YES;
				CLANG_WARN_OBJC_ROOT_CLASS = YES_ERROR;
				CLANG_WARN_QUOTED_INCLUDE_IN_FRAMEWORK_HEADER = YES;
				CLANG_WARN_RANGE_LOOP_ANALYSIS = YES;
				CLANG_WARN_STRICT_PROTOTYPES = YES;
				CLANG_WARN_SUSPICIOUS_MOVE = YES;
				CLANG_WARN_UNGUARDED_AVAILABILITY = YES_AGGRESSIVE;
				CLANG_WARN_UNREACHABLE_CODE = YES;
				CLANG_WARN__DUPLICATE_METHOD_MATCH = YES;
				COPY_PHASE_STRIP = NO;
				DEBUG_INFORMATION_FORMAT = dwarf;
				ENABLE_STRICT_OBJC_MSGSEND = YES;
				ENABLE_TESTABILITY = YES;
				ENABLE_USER_SCRIPT_SANDBOXING = YES;
				GCC_C_LANGUAGE_STANDARD = gnu17;
				GCC_DYNAMIC_NO_PIC = NO;
				GCC_NO_COMMON_BLOCKS = YES;
				GCC_OPTIMIZATION_LEVEL = 0;
				GCC_PREPROCESSOR_DEFINITIONS = (
					"DEBUG=1",
					"$(inherited)",
				);
				GCC_WARN_64_TO_32_BIT_CONVERSION = YES;
				GCC_WARN_ABOUT_RETURN_TYPE = YES_ERROR;
				GCC_WARN_UNDECLARED_SELECTOR = YES;
				GCC_WARN_UNINITIALIZED_AUTOS = YES_AGGRESSIVE;
				GCC_WARN_UNUSED_FUNCTION = YES;
				GCC_WARN_UNUSED_VARIABLE = YES;
				IPHONEOS_DEPLOYMENT_TARGET = 17.5;
				LOCALIZATION_PREFERS_STRING_CATALOGS = YES;
				MTL_ENABLE_DEBUG_INFO = INCLUDE_SOURCE;
				MTL_FAST_MATH = YES;
				ONLY_ACTIVE_ARCH = YES;
				SDKROOT = iphoneos;
				SWIFT_ACTIVE_COMPILATION_CONDITIONS = "DEBUG $(inherited)";
				SWIFT_OPTIMIZATION_LEVEL = "-Onone";
			};
			name = Debug;
		};
		84D254DE2C5148A000B9117B /* Release */ = {
			isa = XCBuildConfiguration;
			buildSettings = {
				ALWAYS_SEARCH_USER_PATHS = NO;
				ASSETCATALOG_COMPILER_GENERATE_SWIFT_ASSET_SYMBOL_EXTENSIONS = YES;
				CLANG_ANALYZER_NONNULL = YES;
				CLANG_ANALYZER_NUMBER_OBJECT_CONVERSION = YES_AGGRESSIVE;
				CLANG_CXX_LANGUAGE_STANDARD = "gnu++20";
				CLANG_ENABLE_MODULES = YES;
				CLANG_ENABLE_OBJC_ARC = YES;
				CLANG_ENABLE_OBJC_WEAK = YES;
				CLANG_WARN_BLOCK_CAPTURE_AUTORELEASING = YES;
				CLANG_WARN_BOOL_CONVERSION = YES;
				CLANG_WARN_COMMA = YES;
				CLANG_WARN_CONSTANT_CONVERSION = YES;
				CLANG_WARN_DEPRECATED_OBJC_IMPLEMENTATIONS = YES;
				CLANG_WARN_DIRECT_OBJC_ISA_USAGE = YES_ERROR;
				CLANG_WARN_DOCUMENTATION_COMMENTS = YES;
				CLANG_WARN_EMPTY_BODY = YES;
				CLANG_WARN_ENUM_CONVERSION = YES;
				CLANG_WARN_INFINITE_RECURSION = YES;
				CLANG_WARN_INT_CONVERSION = YES;
				CLANG_WARN_NON_LITERAL_NULL_CONVERSION = YES;
				CLANG_WARN_OBJC_IMPLICIT_RETAIN_SELF = YES;
				CLANG_WARN_OBJC_LITERAL_CONVERSION = YES;
				CLANG_WARN_OBJC_ROOT_CLASS = YES_ERROR;
				CLANG_WARN_QUOTED_INCLUDE_IN_FRAMEWORK_HEADER = YES;
				CLANG_WARN_RANGE_LOOP_ANALYSIS = YES;
				CLANG_WARN_STRICT_PROTOTYPES = YES;
				CLANG_WARN_SUSPICIOUS_MOVE = YES;
				CLANG_WARN_UNGUARDED_AVAILABILITY = YES_AGGRESSIVE;
				CLANG_WARN_UNREACHABLE_CODE = YES;
				CLANG_WARN__DUPLICATE_METHOD_MATCH = YES;
				COPY_PHASE_STRIP = NO;
				DEBUG_INFORMATION_FORMAT = "dwarf-with-dsym";
				ENABLE_NS_ASSERTIONS = NO;
				ENABLE_STRICT_OBJC_MSGSEND = YES;
				ENABLE_USER_SCRIPT_SANDBOXING = YES;
				GCC_C_LANGUAGE_STANDARD = gnu17;
				GCC_NO_COMMON_BLOCKS = YES;
				GCC_WARN_64_TO_32_BIT_CONVERSION = YES;
				GCC_WARN_ABOUT_RETURN_TYPE = YES_ERROR;
				GCC_WARN_UNDECLARED_SELECTOR = YES;
				GCC_WARN_UNINITIALIZED_AUTOS = YES_AGGRESSIVE;
				GCC_WARN_UNUSED_FUNCTION = YES;
				GCC_WARN_UNUSED_VARIABLE = YES;
				IPHONEOS_DEPLOYMENT_TARGET = 17.5;
				LOCALIZATION_PREFERS_STRING_CATALOGS = YES;
				MTL_ENABLE_DEBUG_INFO = NO;
				MTL_FAST_MATH = YES;
				SDKROOT = iphoneos;
				SWIFT_COMPILATION_MODE = wholemodule;
				VALIDATE_PRODUCT = YES;
			};
			name = Release;
		};
		84D254E02C5148A000B9117B /* Debug */ = {
			isa = XCBuildConfiguration;
			buildSettings = {
				ASSETCATALOG_COMPILER_APPICON_NAME = AppIcon;
				ASSETCATALOG_COMPILER_GLOBAL_ACCENT_COLOR_NAME = AccentColor;
				CODE_SIGN_STYLE = Automatic;
				CURRENT_PROJECT_VERSION = 1;
				DEVELOPMENT_ASSET_PATHS = "\"Tourism App/Preview Content\"";
				DEVELOPMENT_TEAM = GT7QW4CN6G;
				ENABLE_PREVIEWS = YES;
				GENERATE_INFOPLIST_FILE = YES;
				INFOPLIST_KEY_UIApplicationSceneManifest_Generation = YES;
				INFOPLIST_KEY_UIApplicationSupportsIndirectInputEvents = YES;
				INFOPLIST_KEY_UILaunchScreen_Generation = YES;
				INFOPLIST_KEY_UISupportedInterfaceOrientations_iPad = "UIInterfaceOrientationPortrait UIInterfaceOrientationPortraitUpsideDown UIInterfaceOrientationLandscapeLeft UIInterfaceOrientationLandscapeRight";
				INFOPLIST_KEY_UISupportedInterfaceOrientations_iPhone = "UIInterfaceOrientationPortrait UIInterfaceOrientationLandscapeLeft UIInterfaceOrientationLandscapeRight";
				LD_RUNPATH_SEARCH_PATHS = (
					"$(inherited)",
					"@executable_path/Frameworks",
				);
				MARKETING_VERSION = 1.0;
				PRODUCT_BUNDLE_IDENTIFIER = "com.belajar.Tourism-App";
				PRODUCT_NAME = "$(TARGET_NAME)";
				SWIFT_EMIT_LOC_STRINGS = YES;
				SWIFT_VERSION = 5.0;
				TARGETED_DEVICE_FAMILY = "1,2";
			};
			name = Debug;
		};
		84D254E12C5148A000B9117B /* Release */ = {
			isa = XCBuildConfiguration;
			buildSettings = {
				ASSETCATALOG_COMPILER_APPICON_NAME = AppIcon;
				ASSETCATALOG_COMPILER_GLOBAL_ACCENT_COLOR_NAME = AccentColor;
				CODE_SIGN_STYLE = Automatic;
				CURRENT_PROJECT_VERSION = 1;
				DEVELOPMENT_ASSET_PATHS = "\"Tourism App/Preview Content\"";
				DEVELOPMENT_TEAM = GT7QW4CN6G;
				ENABLE_PREVIEWS = YES;
				GENERATE_INFOPLIST_FILE = YES;
				INFOPLIST_KEY_UIApplicationSceneManifest_Generation = YES;
				INFOPLIST_KEY_UIApplicationSupportsIndirectInputEvents = YES;
				INFOPLIST_KEY_UILaunchScreen_Generation = YES;
				INFOPLIST_KEY_UISupportedInterfaceOrientations_iPad = "UIInterfaceOrientationPortrait UIInterfaceOrientationPortraitUpsideDown UIInterfaceOrientationLandscapeLeft UIInterfaceOrientationLandscapeRight";
				INFOPLIST_KEY_UISupportedInterfaceOrientations_iPhone = "UIInterfaceOrientationPortrait UIInterfaceOrientationLandscapeLeft UIInterfaceOrientationLandscapeRight";
				LD_RUNPATH_SEARCH_PATHS = (
					"$(inherited)",
					"@executable_path/Frameworks",
				);
				MARKETING_VERSION = 1.0;
				PRODUCT_BUNDLE_IDENTIFIER = "com.belajar.Tourism-App";
				PRODUCT_NAME = "$(TARGET_NAME)";
				SWIFT_EMIT_LOC_STRINGS = YES;
				SWIFT_VERSION = 5.0;
				TARGETED_DEVICE_FAMILY = "1,2";
			};
			name = Release;
		};
		84D254E32C5148A000B9117B /* Debug */ = {
			isa = XCBuildConfiguration;
			buildSettings = {
				ALWAYS_EMBED_SWIFT_STANDARD_LIBRARIES = YES;
				BUNDLE_LOADER = "$(TEST_HOST)";
				CODE_SIGN_STYLE = Automatic;
				CURRENT_PROJECT_VERSION = 1;
				DEVELOPMENT_TEAM = GT7QW4CN6G;
				GENERATE_INFOPLIST_FILE = YES;
				IPHONEOS_DEPLOYMENT_TARGET = 17.5;
				MARKETING_VERSION = 1.0;
				PRODUCT_BUNDLE_IDENTIFIER = "com.belajar.Tourism-AppTests";
				PRODUCT_NAME = "$(TARGET_NAME)";
				SWIFT_EMIT_LOC_STRINGS = NO;
				SWIFT_VERSION = 5.0;
				TARGETED_DEVICE_FAMILY = "1,2";
				TEST_HOST = "$(BUILT_PRODUCTS_DIR)/Tourism App.app/$(BUNDLE_EXECUTABLE_FOLDER_PATH)/Tourism App";
			};
			name = Debug;
		};
		84D254E42C5148A000B9117B /* Release */ = {
			isa = XCBuildConfiguration;
			buildSettings = {
				ALWAYS_EMBED_SWIFT_STANDARD_LIBRARIES = YES;
				BUNDLE_LOADER = "$(TEST_HOST)";
				CODE_SIGN_STYLE = Automatic;
				CURRENT_PROJECT_VERSION = 1;
				DEVELOPMENT_TEAM = GT7QW4CN6G;
				GENERATE_INFOPLIST_FILE = YES;
				IPHONEOS_DEPLOYMENT_TARGET = 17.5;
				MARKETING_VERSION = 1.0;
				PRODUCT_BUNDLE_IDENTIFIER = "com.belajar.Tourism-AppTests";
				PRODUCT_NAME = "$(TARGET_NAME)";
				SWIFT_EMIT_LOC_STRINGS = NO;
				SWIFT_VERSION = 5.0;
				TARGETED_DEVICE_FAMILY = "1,2";
				TEST_HOST = "$(BUILT_PRODUCTS_DIR)/Tourism App.app/$(BUNDLE_EXECUTABLE_FOLDER_PATH)/Tourism App";
			};
			name = Release;
		};
		84D254E62C5148A000B9117B /* Debug */ = {
			isa = XCBuildConfiguration;
			buildSettings = {
				ALWAYS_EMBED_SWIFT_STANDARD_LIBRARIES = YES;
				CODE_SIGN_STYLE = Automatic;
				CURRENT_PROJECT_VERSION = 1;
				DEVELOPMENT_TEAM = GT7QW4CN6G;
				GENERATE_INFOPLIST_FILE = YES;
				MARKETING_VERSION = 1.0;
				PRODUCT_BUNDLE_IDENTIFIER = "com.belajar.Tourism-AppUITests";
				PRODUCT_NAME = "$(TARGET_NAME)";
				SWIFT_EMIT_LOC_STRINGS = NO;
				SWIFT_VERSION = 5.0;
				TARGETED_DEVICE_FAMILY = "1,2";
				TEST_TARGET_NAME = "Tourism App";
			};
			name = Debug;
		};
		84D254E72C5148A000B9117B /* Release */ = {
			isa = XCBuildConfiguration;
			buildSettings = {
				ALWAYS_EMBED_SWIFT_STANDARD_LIBRARIES = YES;
				CODE_SIGN_STYLE = Automatic;
				CURRENT_PROJECT_VERSION = 1;
				DEVELOPMENT_TEAM = GT7QW4CN6G;
				GENERATE_INFOPLIST_FILE = YES;
				MARKETING_VERSION = 1.0;
				PRODUCT_BUNDLE_IDENTIFIER = "com.belajar.Tourism-AppUITests";
				PRODUCT_NAME = "$(TARGET_NAME)";
				SWIFT_EMIT_LOC_STRINGS = NO;
				SWIFT_VERSION = 5.0;
				TARGETED_DEVICE_FAMILY = "1,2";
				TEST_TARGET_NAME = "Tourism App";
			};
			name = Release;
		};
/* End XCBuildConfiguration section */

/* Begin XCConfigurationList section */
		84D254B62C51489D00B9117B /* Build configuration list for PBXProject "Tourism App" */ = {
			isa = XCConfigurationList;
			buildConfigurations = (
				84D254DD2C5148A000B9117B /* Debug */,
				84D254DE2C5148A000B9117B /* Release */,
			);
			defaultConfigurationIsVisible = 0;
			defaultConfigurationName = Release;
		};
		84D254DF2C5148A000B9117B /* Build configuration list for PBXNativeTarget "Tourism App" */ = {
			isa = XCConfigurationList;
			buildConfigurations = (
				84D254E02C5148A000B9117B /* Debug */,
				84D254E12C5148A000B9117B /* Release */,
			);
			defaultConfigurationIsVisible = 0;
			defaultConfigurationName = Release;
		};
		84D254E22C5148A000B9117B /* Build configuration list for PBXNativeTarget "Tourism AppTests" */ = {
			isa = XCConfigurationList;
			buildConfigurations = (
				84D254E32C5148A000B9117B /* Debug */,
				84D254E42C5148A000B9117B /* Release */,
			);
			defaultConfigurationIsVisible = 0;
			defaultConfigurationName = Release;
		};
		84D254E52C5148A000B9117B /* Build configuration list for PBXNativeTarget "Tourism AppUITests" */ = {
			isa = XCConfigurationList;
			buildConfigurations = (
				84D254E62C5148A000B9117B /* Debug */,
				84D254E72C5148A000B9117B /* Release */,
			);
			defaultConfigurationIsVisible = 0;
			defaultConfigurationName = Release;
		};
/* End XCConfigurationList section */
	};
	rootObject = 84D254B32C51489D00B9117B /* Project object */;
}
